
Microsoft Visual Studio Solution File, Format Version 12.00
# Visual Studio Version 17
VisualStudioVersion = 17.7.34003.232
MinimumVisualStudioVersion = 10.0.40219.1
Project("{FAE04EC0-301F-11D3-BF4B-00C04F79EFBC}") = "Inheritance_DamienAd", "Inheritance_DamienAd\Inheritance_DamienAd.csproj", "{CE474268-D9B5-4E27-95DA-F61B54640648}"
EndProject
Global
	GlobalSection(SolutionConfigurationPlatforms) = preSolution
		Debug|Any CPU = Debug|Any CPU
		Release|Any CPU = Release|Any CPU
	EndGlobalSection
	GlobalSection(ProjectConfigurationPlatforms) = postSolution
		{CE474268-D9B5-4E27-95DA-F61B54640648}.Debug|Any CPU.ActiveCfg = Debug|Any CPU
		{CE474268-D9B5-4E27-95DA-F61B54640648}.Debug|Any CPU.Build.0 = Debug|Any CPU
		{CE474268-D9B5-4E27-95DA-F61B54640648}.Release|Any CPU.ActiveCfg = Release|Any CPU
		{CE474268-D9B5-4E27-95DA-F61B54640648}.Release|Any CPU.Build.0 = Release|Any CPU
	EndGlobalSection
	GlobalSection(SolutionProperties) = preSolution
		HideSolutionNode = FALSE
	EndGlobalSection
	GlobalSection(ExtensibilityGlobals) = postSolution
		SolutionGuid = {2D5CF20D-8AC2-4F2E-8544-9B5A3CA10351}
	EndGlobalSection
EndGlobal
